PODS:
  - Alamofire (5.4.0)
  - lottie-ios (3.1.9)

DEPENDENCIES:
  - Alamofire (~> 5.2)
  - lottie-ios

SPEC REPOS:
  trunk:
    - Alamofire
    - lottie-ios

SPEC CHECKSUMS:
  Alamofire: 3b6a534a3df22db367e4dedeeca73d1ddfcf0e2f
  lottie-ios: 3a3758ef5a008e762faec9c9d50a39842f26d124

PODFILE CHECKSUM: 22b0ca76352719824f0b20b04fa13b98d0485e1f

COCOAPODS: 1.10.0
