// !$*UTF8*$!
{
	archiveVersion = 1;
	classes = {
	};
	objectVersion = 51;
	objects = {

/* Begin PBXBuildFile section */
		0224055738C98E3AD1B26090 /* Pods_Poketrader.framework in Frameworks */ = {isa = PBXBuildFile; fileRef = 0FE5EE4E62FC8EBEA6DD9DAA /* Pods_Poketrader.framework */; };
		4123AA5A255D737B00F5AA2E /* CadastroController.swift in Sources */ = {isa = PBXBuildFile; fileRef = 4123AA59255D737B00F5AA2E /* CadastroController.swift */; };
		413E8AF525B7A95D00DFADBD /* SelecionarPokemonVC.swift in Sources */ = {isa = PBXBuildFile; fileRef = 413E8AF425B7A95D00DFADBD /* SelecionarPokemonVC.swift */; };
		413EC59E2550FF7C00C534D7 /* CadastroViewController.swift in Sources */ = {isa = PBXBuildFile; fileRef = 413EC59D2550FF7C00C534D7 /* CadastroViewController.swift */; };
		41AD8EB8255AD5EA00DCAD30 /* TelaInicial.storyboard in Resources */ = {isa = PBXBuildFile; fileRef = 41AD8EB7255AD5EA00DCAD30 /* TelaInicial.storyboard */; };
		41AD8EBB255AD5FC00DCAD30 /* Cadastro.storyboard in Resources */ = {isa = PBXBuildFile; fileRef = 41AD8EBA255AD5FC00DCAD30 /* Cadastro.storyboard */; };
		41AD8EBE255AD6A900DCAD30 /* TelaInicialViewController.swift in Sources */ = {isa = PBXBuildFile; fileRef = 41AD8EBD255AD6A900DCAD30 /* TelaInicialViewController.swift */; };
		41D0C0692583CB3C005B3A7B /* EscolherImagem.swift in Sources */ = {isa = PBXBuildFile; fileRef = 41D0C0682583CB3C005B3A7B /* EscolherImagem.swift */; };
		5E020EF5255F10CD008C1705 /* Login.storyboard in Resources */ = {isa = PBXBuildFile; fileRef = 5E020EF4255F10CD008C1705 /* Login.storyboard */; };
		5E020EF8255F1140008C1705 /* LoginViewController.swift in Sources */ = {isa = PBXBuildFile; fileRef = 5E020EF7255F1140008C1705 /* LoginViewController.swift */; };
		5E8AF1EC2582747000ECC274 /* EsqueciASenhaViewController.swift in Sources */ = {isa = PBXBuildFile; fileRef = 5E8AF1EB2582747000ECC274 /* EsqueciASenhaViewController.swift */; };
		632C157C255DFE360068BD3E /* 148.png in Resources */ = {isa = PBXBuildFile; fileRef = 632C1579255DFE360068BD3E /* 148.png */; };
		632C157D255DFE360068BD3E /* 7.png in Resources */ = {isa = PBXBuildFile; fileRef = 632C157A255DFE360068BD3E /* 7.png */; };
		632C157E255DFE360068BD3E /* 3.png in Resources */ = {isa = PBXBuildFile; fileRef = 632C157B255DFE360068BD3E /* 3.png */; };
		632C1580255DFEEB0068BD3E /* ofertas.json in Resources */ = {isa = PBXBuildFile; fileRef = 632C157F255DFEEB0068BD3E /* ofertas.json */; };
		636548072580FC3E005F8499 /* pokedata.json in Resources */ = {isa = PBXBuildFile; fileRef = 636548042580FC3E005F8499 /* pokedata.json */; };
		636548082580FC3E005F8499 /* respostaAPI.json in Resources */ = {isa = PBXBuildFile; fileRef = 636548052580FC3E005F8499 /* respostaAPI.json */; };
		63B67DE4255CD6E100287636 /* OfertaCell.swift in Sources */ = {isa = PBXBuildFile; fileRef = 63B67DE2255CD6E100287636 /* OfertaCell.swift */; };
		63B67DE5255CD6E100287636 /* OfertaCell.xib in Resources */ = {isa = PBXBuildFile; fileRef = 63B67DE3255CD6E100287636 /* OfertaCell.xib */; };
		63C9D610255BFEFF0003C35C /* OfertasUsuario.storyboard in Resources */ = {isa = PBXBuildFile; fileRef = 63C9D60F255BFEFF0003C35C /* OfertasUsuario.storyboard */; };
		63EA394F255CCE73004AB57F /* Ofertas.swift in Sources */ = {isa = PBXBuildFile; fileRef = 63EA394E255CCE73004AB57F /* Ofertas.swift */; };
		842A05A22575CC1A00890EFF /* PokemonSolid.ttf in Resources */ = {isa = PBXBuildFile; fileRef = 842A05A12575CC1A00890EFF /* PokemonSolid.ttf */; };
		84835AE025819EF9006AF845 /* CriarUsuarioWork.swift in Sources */ = {isa = PBXBuildFile; fileRef = 84835ADF25819EF9006AF845 /* CriarUsuarioWork.swift */; };
		AD53A0A8254F163F00C81C07 /* AppDelegate.swift in Sources */ = {isa = PBXBuildFile; fileRef = AD53A0A7254F163F00C81C07 /* AppDelegate.swift */; };
		AD53A0AA254F163F00C81C07 /* SceneDelegate.swift in Sources */ = {isa = PBXBuildFile; fileRef = AD53A0A9254F163F00C81C07 /* SceneDelegate.swift */; };
		AD53A0AF254F163F00C81C07 /* Main.storyboard in Resources */ = {isa = PBXBuildFile; fileRef = AD53A0AD254F163F00C81C07 /* Main.storyboard */; };
		AD53A0B1254F164000C81C07 /* Assets.xcassets in Resources */ = {isa = PBXBuildFile; fileRef = AD53A0B0254F164000C81C07 /* Assets.xcassets */; };
		AD53A0B4254F164000C81C07 /* LaunchScreen.storyboard in Resources */ = {isa = PBXBuildFile; fileRef = AD53A0B2254F164000C81C07 /* LaunchScreen.storyboard */; };
		AD7F6B33257ED00000424C38 /* PerfilViewController.swift in Sources */ = {isa = PBXBuildFile; fileRef = AD7F6B32257ED00000424C38 /* PerfilViewController.swift */; };
		AD7F6B3B257ED02900424C38 /* FeedViewController.swift in Sources */ = {isa = PBXBuildFile; fileRef = AD7F6B36257ED02900424C38 /* FeedViewController.swift */; };
		AD7F6B3C257ED02900424C38 /* Anuncio.storyboard in Resources */ = {isa = PBXBuildFile; fileRef = AD7F6B38257ED02900424C38 /* Anuncio.storyboard */; };
		AD7F6B3D257ED02900424C38 /* AnuncioController.swift in Sources */ = {isa = PBXBuildFile; fileRef = AD7F6B39257ED02900424C38 /* AnuncioController.swift */; };
		AD7F6B3E257ED02900424C38 /* AnuncioViewController.swift in Sources */ = {isa = PBXBuildFile; fileRef = AD7F6B3A257ED02900424C38 /* AnuncioViewController.swift */; };
		AD7F6B42257ED03E00424C38 /* AddPokemonViewController.swift in Sources */ = {isa = PBXBuildFile; fileRef = AD7F6B41257ED03E00424C38 /* AddPokemonViewController.swift */; };
		AD7F6B4F257ED06600424C38 /* MeuAnuncioViewController.swift in Sources */ = {isa = PBXBuildFile; fileRef = AD7F6B4C257ED06600424C38 /* MeuAnuncioViewController.swift */; };
		AD7F6B50257ED06600424C38 /* OfertasUsuarioViewController.swift in Sources */ = {isa = PBXBuildFile; fileRef = AD7F6B4D257ED06600424C38 /* OfertasUsuarioViewController.swift */; };
		AD7F6B6825829C1500424C38 /* PokemonWork.swift in Sources */ = {isa = PBXBuildFile; fileRef = AD7F6B6725829C1500424C38 /* PokemonWork.swift */; };
		AD7F6B6C25829F8000424C38 /* ErrorHandler.swift in Sources */ = {isa = PBXBuildFile; fileRef = AD7F6B6B25829F8000424C38 /* ErrorHandler.swift */; };
		AD7F6B952583EDDD00424C38 /* FeedController.swift in Sources */ = {isa = PBXBuildFile; fileRef = AD7F6B942583EDDD00424C38 /* FeedController.swift */; };
		AD7F6B99258407E600424C38 /* OfertasWorker.swift in Sources */ = {isa = PBXBuildFile; fileRef = AD7F6B98258407E600424C38 /* OfertasWorker.swift */; };
		AD897AD1255E465B00AA8C0F /* MeuAnuncioController.swift in Sources */ = {isa = PBXBuildFile; fileRef = AD897ACE255E465B00AA8C0F /* MeuAnuncioController.swift */; };
		AD897AD3255E465B00AA8C0F /* MeuAnuncio.storyboard in Resources */ = {isa = PBXBuildFile; fileRef = AD897AD0255E465B00AA8C0F /* MeuAnuncio.storyboard */; };
		AD9A547B257C26E100BA0003 /* Pokemon.swift in Sources */ = {isa = PBXBuildFile; fileRef = AD9A547A257C26E100BA0003 /* Pokemon.swift */; };
		AD9A547E257C273500BA0003 /* PokeData.swift in Sources */ = {isa = PBXBuildFile; fileRef = AD9A547D257C273500BA0003 /* PokeData.swift */; };
		ADD28452255F320500F0DC1A /* Perfil.storyboard in Resources */ = {isa = PBXBuildFile; fileRef = ADD28450255F320500F0DC1A /* Perfil.storyboard */; };
		ADD28456255F323700F0DC1A /* EdicaoPokemon.storyboard in Resources */ = {isa = PBXBuildFile; fileRef = ADD28454255F323600F0DC1A /* EdicaoPokemon.storyboard */; };
		ADD28457255F323700F0DC1A /* EdicaoPokemonViewController.swift in Sources */ = {isa = PBXBuildFile; fileRef = ADD28455255F323600F0DC1A /* EdicaoPokemonViewController.swift */; };
		ADD2845B255F32D200F0DC1A /* Feed.storyboard in Resources */ = {isa = PBXBuildFile; fileRef = ADD2845A255F32D200F0DC1A /* Feed.storyboard */; };
		CE2C8EA3255E1B41005DE718 /* AddPokemonStoryboard.storyboard in Resources */ = {isa = PBXBuildFile; fileRef = CE2C8EA2255E1B41005DE718 /* AddPokemonStoryboard.storyboard */; };
		CE2C8EA6255E1B6C005DE718 /* ViewController.swift in Sources */ = {isa = PBXBuildFile; fileRef = CE2C8EA5255E1B6C005DE718 /* ViewController.swift */; };
		FE712A872581911100F75732 /* GenericWork.swift in Sources */ = {isa = PBXBuildFile; fileRef = FE712A862581911100F75732 /* GenericWork.swift */; };
		FEC49639258403E9004DF8E6 /* BaseViewController.swift in Sources */ = {isa = PBXBuildFile; fileRef = FEC49638258403E9004DF8E6 /* BaseViewController.swift */; };
		FEC4963D258405B2004DF8E6 /* LoadView.xib in Resources */ = {isa = PBXBuildFile; fileRef = FEC4963C258405B2004DF8E6 /* LoadView.xib */; };
		FEC4963F25840701004DF8E6 /* load.json in Resources */ = {isa = PBXBuildFile; fileRef = FEC4963E25840701004DF8E6 /* load.json */; };
		FEC4964125840847004DF8E6 /* LoadView.swift in Sources */ = {isa = PBXBuildFile; fileRef = FEC4964025840847004DF8E6 /* LoadView.swift */; };
		FEF7BC712574FCEB0084F621 /* User.swift in Sources */ = {isa = PBXBuildFile; fileRef = FEF7BC702574FCEB0084F621 /* User.swift */; };
		FEF7BC752574FE020084F621 /* user.json in Resources */ = {isa = PBXBuildFile; fileRef = FEF7BC742574FE020084F621 /* user.json */; };
		FEF7BC772574FF040084F621 /* LoginController.swift in Sources */ = {isa = PBXBuildFile; fileRef = FEF7BC762574FF040084F621 /* LoginController.swift */; };
		FEF7BC792574FFAA0084F621 /* LoginWork.swift in Sources */ = {isa = PBXBuildFile; fileRef = FEF7BC782574FFAA0084F621 /* LoginWork.swift */; };
/* End PBXBuildFile section */

/* Begin PBXFileReference section */
		0167FEBDBA2477DD4C75A753 /* Pods-Poketrader.release.xcconfig */ = {isa = PBXFileReference; includeInIndex = 1; lastKnownFileType = text.xcconfig; name = "Pods-Poketrader.release.xcconfig"; path = "Target Support Files/Pods-Poketrader/Pods-Poketrader.release.xcconfig"; sourceTree = "<group>"; };
		0FE5EE4E62FC8EBEA6DD9DAA /* Pods_Poketrader.framework */ = {isa = PBXFileReference; explicitFileType = wrapper.framework; includeInIndex = 0; path = Pods_Poketrader.framework; sourceTree = BUILT_PRODUCTS_DIR; };
		23A99CFFD5E18EC559A343C5 /* Pods-Poketrader.release.xcconfig */ = {isa = PBXFileReference; includeInIndex = 1; lastKnownFileType = text.xcconfig; name = "Pods-Poketrader.release.xcconfig"; path = "Target Support Files/Pods-Poketrader/Pods-Poketrader.release.xcconfig"; sourceTree = "<group>"; };
		4123AA59255D737B00F5AA2E /* CadastroController.swift */ = {isa = PBXFileReference; lastKnownFileType = sourcecode.swift; path = CadastroController.swift; sourceTree = "<group>"; };
		413E8AF425B7A95D00DFADBD /* SelecionarPokemonVC.swift */ = {isa = PBXFileReference; lastKnownFileType = sourcecode.swift; path = SelecionarPokemonVC.swift; sourceTree = "<group>"; };
		413EC59D2550FF7C00C534D7 /* CadastroViewController.swift */ = {isa = PBXFileReference; lastKnownFileType = sourcecode.swift; path = CadastroViewController.swift; sourceTree = "<group>"; };
		41AD8EB7255AD5EA00DCAD30 /* TelaInicial.storyboard */ = {isa = PBXFileReference; lastKnownFileType = file.storyboard; path = TelaInicial.storyboard; sourceTree = "<group>"; };
		41AD8EBA255AD5FC00DCAD30 /* Cadastro.storyboard */ = {isa = PBXFileReference; lastKnownFileType = file.storyboard; path = Cadastro.storyboard; sourceTree = "<group>"; };
		41AD8EBD255AD6A900DCAD30 /* TelaInicialViewController.swift */ = {isa = PBXFileReference; lastKnownFileType = sourcecode.swift; path = TelaInicialViewController.swift; sourceTree = "<group>"; };
		41D0C0682583CB3C005B3A7B /* EscolherImagem.swift */ = {isa = PBXFileReference; lastKnownFileType = sourcecode.swift; path = EscolherImagem.swift; sourceTree = "<group>"; };
		5E020EF4255F10CD008C1705 /* Login.storyboard */ = {isa = PBXFileReference; lastKnownFileType = file.storyboard; path = Login.storyboard; sourceTree = "<group>"; };
		5E020EF7255F1140008C1705 /* LoginViewController.swift */ = {isa = PBXFileReference; lastKnownFileType = sourcecode.swift; path = LoginViewController.swift; sourceTree = "<group>"; };
		5E8AF1EB2582747000ECC274 /* EsqueciASenhaViewController.swift */ = {isa = PBXFileReference; lastKnownFileType = sourcecode.swift; path = EsqueciASenhaViewController.swift; sourceTree = "<group>"; };
		632C1579255DFE360068BD3E /* 148.png */ = {isa = PBXFileReference; lastKnownFileType = image.png; path = 148.png; sourceTree = "<group>"; };
		632C157A255DFE360068BD3E /* 7.png */ = {isa = PBXFileReference; lastKnownFileType = image.png; path = 7.png; sourceTree = "<group>"; };
		632C157B255DFE360068BD3E /* 3.png */ = {isa = PBXFileReference; lastKnownFileType = image.png; path = 3.png; sourceTree = "<group>"; };
		632C157F255DFEEB0068BD3E /* ofertas.json */ = {isa = PBXFileReference; fileEncoding = 4; lastKnownFileType = text.json; path = ofertas.json; sourceTree = "<group>"; };
		636548042580FC3E005F8499 /* pokedata.json */ = {isa = PBXFileReference; fileEncoding = 4; lastKnownFileType = text.json; path = pokedata.json; sourceTree = "<group>"; };
		636548052580FC3E005F8499 /* respostaAPI.json */ = {isa = PBXFileReference; fileEncoding = 4; lastKnownFileType = text.json; path = respostaAPI.json; sourceTree = "<group>"; };
		63B67DE2255CD6E100287636 /* OfertaCell.swift */ = {isa = PBXFileReference; lastKnownFileType = sourcecode.swift; name = OfertaCell.swift; path = Poketrader/Views/CustomCells/OfertaCell.swift; sourceTree = SOURCE_ROOT; };
		63B67DE3255CD6E100287636 /* OfertaCell.xib */ = {isa = PBXFileReference; lastKnownFileType = file.xib; name = OfertaCell.xib; path = Poketrader/Views/CustomCells/OfertaCell.xib; sourceTree = SOURCE_ROOT; };
		63C9D60F255BFEFF0003C35C /* OfertasUsuario.storyboard */ = {isa = PBXFileReference; lastKnownFileType = file.storyboard; path = OfertasUsuario.storyboard; sourceTree = "<group>"; };
		63EA394E255CCE73004AB57F /* Ofertas.swift */ = {isa = PBXFileReference; lastKnownFileType = sourcecode.swift; path = Ofertas.swift; sourceTree = "<group>"; };
		842A05A12575CC1A00890EFF /* PokemonSolid.ttf */ = {isa = PBXFileReference; lastKnownFileType = file; path = PokemonSolid.ttf; sourceTree = "<group>"; };
		84835ADF25819EF9006AF845 /* CriarUsuarioWork.swift */ = {isa = PBXFileReference; lastKnownFileType = sourcecode.swift; path = CriarUsuarioWork.swift; sourceTree = "<group>"; };
		AD53A0A4254F163F00C81C07 /* Poketrader.app */ = {isa = PBXFileReference; explicitFileType = wrapper.application; includeInIndex = 0; path = Poketrader.app; sourceTree = BUILT_PRODUCTS_DIR; };
		AD53A0A7254F163F00C81C07 /* AppDelegate.swift */ = {isa = PBXFileReference; lastKnownFileType = sourcecode.swift; path = AppDelegate.swift; sourceTree = "<group>"; };
		AD53A0A9254F163F00C81C07 /* SceneDelegate.swift */ = {isa = PBXFileReference; lastKnownFileType = sourcecode.swift; path = SceneDelegate.swift; sourceTree = "<group>"; };
		AD53A0AE254F163F00C81C07 /* Base */ = {isa = PBXFileReference; lastKnownFileType = file.storyboard; name = Base; path = Base.lproj/Main.storyboard; sourceTree = "<group>"; };
		AD53A0B0254F164000C81C07 /* Assets.xcassets */ = {isa = PBXFileReference; lastKnownFileType = folder.assetcatalog; path = Assets.xcassets; sourceTree = "<group>"; };
		AD53A0B3254F164000C81C07 /* Base */ = {isa = PBXFileReference; lastKnownFileType = file.storyboard; name = Base; path = Base.lproj/LaunchScreen.storyboard; sourceTree = "<group>"; };
		AD53A0B5254F164000C81C07 /* Info.plist */ = {isa = PBXFileReference; lastKnownFileType = text.plist.xml; path = Info.plist; sourceTree = "<group>"; };
		AD7F6B32257ED00000424C38 /* PerfilViewController.swift */ = {isa = PBXFileReference; fileEncoding = 4; lastKnownFileType = sourcecode.swift; path = PerfilViewController.swift; sourceTree = "<group>"; };
		AD7F6B36257ED02900424C38 /* FeedViewController.swift */ = {isa = PBXFileReference; fileEncoding = 4; lastKnownFileType = sourcecode.swift; path = FeedViewController.swift; sourceTree = "<group>"; };
		AD7F6B38257ED02900424C38 /* Anuncio.storyboard */ = {isa = PBXFileReference; fileEncoding = 4; lastKnownFileType = file.storyboard; path = Anuncio.storyboard; sourceTree = "<group>"; };
		AD7F6B39257ED02900424C38 /* AnuncioController.swift */ = {isa = PBXFileReference; fileEncoding = 4; lastKnownFileType = sourcecode.swift; path = AnuncioController.swift; sourceTree = "<group>"; };
		AD7F6B3A257ED02900424C38 /* AnuncioViewController.swift */ = {isa = PBXFileReference; fileEncoding = 4; lastKnownFileType = sourcecode.swift; path = AnuncioViewController.swift; sourceTree = "<group>"; };
		AD7F6B41257ED03E00424C38 /* AddPokemonViewController.swift */ = {isa = PBXFileReference; fileEncoding = 4; lastKnownFileType = sourcecode.swift; path = AddPokemonViewController.swift; sourceTree = "<group>"; };
		AD7F6B4C257ED06600424C38 /* MeuAnuncioViewController.swift */ = {isa = PBXFileReference; fileEncoding = 4; lastKnownFileType = sourcecode.swift; path = MeuAnuncioViewController.swift; sourceTree = "<group>"; };
		AD7F6B4D257ED06600424C38 /* OfertasUsuarioViewController.swift */ = {isa = PBXFileReference; fileEncoding = 4; lastKnownFileType = sourcecode.swift; path = OfertasUsuarioViewController.swift; sourceTree = "<group>"; };
		AD7F6B6725829C1500424C38 /* PokemonWork.swift */ = {isa = PBXFileReference; fileEncoding = 4; lastKnownFileType = sourcecode.swift; path = PokemonWork.swift; sourceTree = "<group>"; };
		AD7F6B6B25829F8000424C38 /* ErrorHandler.swift */ = {isa = PBXFileReference; lastKnownFileType = sourcecode.swift; path = ErrorHandler.swift; sourceTree = "<group>"; };
		AD7F6B942583EDDD00424C38 /* FeedController.swift */ = {isa = PBXFileReference; lastKnownFileType = sourcecode.swift; path = FeedController.swift; sourceTree = "<group>"; };
		AD7F6B98258407E600424C38 /* OfertasWorker.swift */ = {isa = PBXFileReference; lastKnownFileType = sourcecode.swift; path = OfertasWorker.swift; sourceTree = "<group>"; };
		AD897ACE255E465B00AA8C0F /* MeuAnuncioController.swift */ = {isa = PBXFileReference; fileEncoding = 4; lastKnownFileType = sourcecode.swift; path = MeuAnuncioController.swift; sourceTree = "<group>"; };
		AD897AD0255E465B00AA8C0F /* MeuAnuncio.storyboard */ = {isa = PBXFileReference; fileEncoding = 4; lastKnownFileType = file.storyboard; path = MeuAnuncio.storyboard; sourceTree = "<group>"; };
		AD9A547A257C26E100BA0003 /* Pokemon.swift */ = {isa = PBXFileReference; lastKnownFileType = sourcecode.swift; path = Pokemon.swift; sourceTree = "<group>"; };
		AD9A547D257C273500BA0003 /* PokeData.swift */ = {isa = PBXFileReference; lastKnownFileType = sourcecode.swift; path = PokeData.swift; sourceTree = "<group>"; };
		ADD28450255F320500F0DC1A /* Perfil.storyboard */ = {isa = PBXFileReference; fileEncoding = 4; lastKnownFileType = file.storyboard; path = Perfil.storyboard; sourceTree = "<group>"; };
		ADD28454255F323600F0DC1A /* EdicaoPokemon.storyboard */ = {isa = PBXFileReference; fileEncoding = 4; lastKnownFileType = file.storyboard; path = EdicaoPokemon.storyboard; sourceTree = "<group>"; };
		ADD28455255F323600F0DC1A /* EdicaoPokemonViewController.swift */ = {isa = PBXFileReference; fileEncoding = 4; lastKnownFileType = sourcecode.swift; path = EdicaoPokemonViewController.swift; sourceTree = "<group>"; };
		ADD2845A255F32D200F0DC1A /* Feed.storyboard */ = {isa = PBXFileReference; lastKnownFileType = file.storyboard; path = Feed.storyboard; sourceTree = "<group>"; };
		CE2C8EA2255E1B41005DE718 /* AddPokemonStoryboard.storyboard */ = {isa = PBXFileReference; lastKnownFileType = file.storyboard; path = AddPokemonStoryboard.storyboard; sourceTree = "<group>"; };
		CE2C8EA5255E1B6C005DE718 /* ViewController.swift */ = {isa = PBXFileReference; lastKnownFileType = sourcecode.swift; path = ViewController.swift; sourceTree = "<group>"; };
		D5B9724273BD59A387564D1E /* Pods-Poketrader.debug.xcconfig */ = {isa = PBXFileReference; includeInIndex = 1; lastKnownFileType = text.xcconfig; name = "Pods-Poketrader.debug.xcconfig"; path = "Target Support Files/Pods-Poketrader/Pods-Poketrader.debug.xcconfig"; sourceTree = "<group>"; };
		DE800170E2B4547EE5C63BE3 /* Pods_Poketrader.framework */ = {isa = PBXFileReference; explicitFileType = wrapper.framework; includeInIndex = 0; path = Pods_Poketrader.framework; sourceTree = BUILT_PRODUCTS_DIR; };
		F70E6AC735EF89F6370E94EE /* Pods-Poketrader.debug.xcconfig */ = {isa = PBXFileReference; includeInIndex = 1; lastKnownFileType = text.xcconfig; name = "Pods-Poketrader.debug.xcconfig"; path = "Target Support Files/Pods-Poketrader/Pods-Poketrader.debug.xcconfig"; sourceTree = "<group>"; };
		FE712A862581911100F75732 /* GenericWork.swift */ = {isa = PBXFileReference; lastKnownFileType = sourcecode.swift; path = GenericWork.swift; sourceTree = "<group>"; };
		FEC49638258403E9004DF8E6 /* BaseViewController.swift */ = {isa = PBXFileReference; lastKnownFileType = sourcecode.swift; path = BaseViewController.swift; sourceTree = "<group>"; };
		FEC4963C258405B2004DF8E6 /* LoadView.xib */ = {isa = PBXFileReference; lastKnownFileType = file.xib; path = LoadView.xib; sourceTree = "<group>"; };
		FEC4963E25840701004DF8E6 /* load.json */ = {isa = PBXFileReference; fileEncoding = 4; lastKnownFileType = text.json; path = load.json; sourceTree = "<group>"; };
		FEC4964025840847004DF8E6 /* LoadView.swift */ = {isa = PBXFileReference; lastKnownFileType = sourcecode.swift; path = LoadView.swift; sourceTree = "<group>"; };
		FEF7BC702574FCEB0084F621 /* User.swift */ = {isa = PBXFileReference; lastKnownFileType = sourcecode.swift; path = User.swift; sourceTree = "<group>"; };
		FEF7BC742574FE020084F621 /* user.json */ = {isa = PBXFileReference; fileEncoding = 4; lastKnownFileType = text.json; path = user.json; sourceTree = "<group>"; };
		FEF7BC762574FF040084F621 /* LoginController.swift */ = {isa = PBXFileReference; lastKnownFileType = sourcecode.swift; path = LoginController.swift; sourceTree = "<group>"; };
		FEF7BC782574FFAA0084F621 /* LoginWork.swift */ = {isa = PBXFileReference; lastKnownFileType = sourcecode.swift; path = LoginWork.swift; sourceTree = "<group>"; };
/* End PBXFileReference section */

/* Begin PBXFrameworksBuildPhase section */
		AD53A0A1254F163F00C81C07 /* Frameworks */ = {
			isa = PBXFrameworksBuildPhase;
			buildActionMask = 2147483647;
			files = (
				0224055738C98E3AD1B26090 /* Pods_Poketrader.framework in Frameworks */,
			);
			runOnlyForDeploymentPostprocessing = 0;
		};
/* End PBXFrameworksBuildPhase section */

/* Begin PBXGroup section */
		0F8411304D4FF1216C950ED3 /* Pods */ = {
			isa = PBXGroup;
			children = (
				D5B9724273BD59A387564D1E /* Pods-Poketrader.debug.xcconfig */,
				0167FEBDBA2477DD4C75A753 /* Pods-Poketrader.release.xcconfig */,
			);
			path = Pods;
			sourceTree = "<group>";
		};
		11A10158B11FACE7C698B352 /* Frameworks */ = {
			isa = PBXGroup;
			children = (
				0FE5EE4E62FC8EBEA6DD9DAA /* Pods_Poketrader.framework */,
			);
			name = Frameworks;
			sourceTree = "<group>";
		};
		2FB744844A44721C845A781E /* Pods */ = {
			isa = PBXGroup;
			children = (
				F70E6AC735EF89F6370E94EE /* Pods-Poketrader.debug.xcconfig */,
				23A99CFFD5E18EC559A343C5 /* Pods-Poketrader.release.xcconfig */,
			);
			path = Pods;
			sourceTree = "<group>";
		};
		632C1578255DFE1E0068BD3E /* img */ = {
			isa = PBXGroup;
			children = (
				632C157B255DFE360068BD3E /* 3.png */,
				632C157A255DFE360068BD3E /* 7.png */,
				632C1579255DFE360068BD3E /* 148.png */,
			);
			path = img;
			sourceTree = "<group>";
		};
		63EA394B255CCDAA004AB57F /* Model */ = {
			isa = PBXGroup;
			children = (
				632C1578255DFE1E0068BD3E /* img */,
				FEF7BC742574FE020084F621 /* user.json */,
				632C157F255DFEEB0068BD3E /* ofertas.json */,
				636548042580FC3E005F8499 /* pokedata.json */,
				636548052580FC3E005F8499 /* respostaAPI.json */,
				63EA394E255CCE73004AB57F /* Ofertas.swift */,
				FEF7BC702574FCEB0084F621 /* User.swift */,
				AD9A547A257C26E100BA0003 /* Pokemon.swift */,
				AD9A547D257C273500BA0003 /* PokeData.swift */,
			);
			path = Model;
			sourceTree = "<group>";
		};
		63EA3950255CCF7A004AB57F /* Views */ = {
			isa = PBXGroup;
			children = (
				AD7F6B812582C89000424C38 /* CustomCells */,
				AD7F6B32257ED00000424C38 /* PerfilViewController.swift */,
				AD7F6B3A257ED02900424C38 /* AnuncioViewController.swift */,
				AD7F6B36257ED02900424C38 /* FeedViewController.swift */,
				AD7F6B41257ED03E00424C38 /* AddPokemonViewController.swift */,
				AD7F6B4C257ED06600424C38 /* MeuAnuncioViewController.swift */,
				AD7F6B4D257ED06600424C38 /* OfertasUsuarioViewController.swift */,
				41AD8EBD255AD6A900DCAD30 /* TelaInicialViewController.swift */,
				5E020EF7255F1140008C1705 /* LoginViewController.swift */,
				413EC59D2550FF7C00C534D7 /* CadastroViewController.swift */,
				5E8AF1EB2582747000ECC274 /* EsqueciASenhaViewController.swift */,
				ADD28455255F323600F0DC1A /* EdicaoPokemonViewController.swift */,
				41D0C0682583CB3C005B3A7B /* EscolherImagem.swift */,
				FEC49638258403E9004DF8E6 /* BaseViewController.swift */,
				413E8AF425B7A95D00DFADBD /* SelecionarPokemonVC.swift */,
			);
			path = Views;
			sourceTree = "<group>";
		};
		78E3B80BF822DD2C89F45990 /* Frameworks */ = {
			isa = PBXGroup;
			children = (
				DE800170E2B4547EE5C63BE3 /* Pods_Poketrader.framework */,
			);
			name = Frameworks;
			sourceTree = "<group>";
		};
		842A05A02575CC0600890EFF /* Fonts */ = {
			isa = PBXGroup;
			children = (
				842A05A12575CC1A00890EFF /* PokemonSolid.ttf */,
			);
			path = Fonts;
			sourceTree = "<group>";
		};
		AD53A09B254F163F00C81C07 = {
			isa = PBXGroup;
			children = (
				AD53A0A6254F163F00C81C07 /* Poketrader */,
				AD53A0A5254F163F00C81C07 /* Products */,
				0F8411304D4FF1216C950ED3 /* Pods */,
				11A10158B11FACE7C698B352 /* Frameworks */,
				2FB744844A44721C845A781E /* Pods */,
				78E3B80BF822DD2C89F45990 /* Frameworks */,
			);
			sourceTree = "<group>";
		};
		AD53A0A5254F163F00C81C07 /* Products */ = {
			isa = PBXGroup;
			children = (
				AD53A0A4254F163F00C81C07 /* Poketrader.app */,
			);
			name = Products;
			sourceTree = "<group>";
		};
		AD53A0A6254F163F00C81C07 /* Poketrader */ = {
			isa = PBXGroup;
			children = (
				842A05A02575CC0600890EFF /* Fonts */,
				63EA3950255CCF7A004AB57F /* Views */,
				FEF7BC6C2574FBAB0084F621 /* Controller */,
				FEF7BC6D2574FBB30084F621 /* Network */,
				63EA394B255CCDAA004AB57F /* Model */,
				ADD28463255F41F900F0DC1A /* Unused storyboards */,
				AD53A0A7254F163F00C81C07 /* AppDelegate.swift */,
				AD53A0A9254F163F00C81C07 /* SceneDelegate.swift */,
				CE2C8EA5255E1B6C005DE718 /* ViewController.swift */,
				AD53A0AD254F163F00C81C07 /* Main.storyboard */,
				AD53A0B0254F164000C81C07 /* Assets.xcassets */,
				AD53A0B2254F164000C81C07 /* LaunchScreen.storyboard */,
				AD53A0B5254F164000C81C07 /* Info.plist */,
				FEC4963E25840701004DF8E6 /* load.json */,
			);
			path = Poketrader;
			sourceTree = "<group>";
		};
		AD7F6B812582C89000424C38 /* CustomCells */ = {
			isa = PBXGroup;
			children = (
				63B67DE2255CD6E100287636 /* OfertaCell.swift */,
				63B67DE3255CD6E100287636 /* OfertaCell.xib */,
				FEC4963C258405B2004DF8E6 /* LoadView.xib */,
				FEC4964025840847004DF8E6 /* LoadView.swift */,
			);
			path = CustomCells;
			sourceTree = "<group>";
		};
		ADD28463255F41F900F0DC1A /* Unused storyboards */ = {
			isa = PBXGroup;
			children = (
				AD7F6B38257ED02900424C38 /* Anuncio.storyboard */,
				AD897AD0255E465B00AA8C0F /* MeuAnuncio.storyboard */,
				ADD28450255F320500F0DC1A /* Perfil.storyboard */,
				CE2C8EA2255E1B41005DE718 /* AddPokemonStoryboard.storyboard */,
				63C9D60F255BFEFF0003C35C /* OfertasUsuario.storyboard */,
				ADD28454255F323600F0DC1A /* EdicaoPokemon.storyboard */,
				5E020EF4255F10CD008C1705 /* Login.storyboard */,
				41AD8EB7255AD5EA00DCAD30 /* TelaInicial.storyboard */,
				41AD8EBA255AD5FC00DCAD30 /* Cadastro.storyboard */,
				ADD2845A255F32D200F0DC1A /* Feed.storyboard */,
			);
			path = "Unused storyboards";
			sourceTree = "<group>";
		};
		FEF7BC6C2574FBAB0084F621 /* Controller */ = {
			isa = PBXGroup;
			children = (
				AD7F6B942583EDDD00424C38 /* FeedController.swift */,
				AD7F6B39257ED02900424C38 /* AnuncioController.swift */,
				AD897ACE255E465B00AA8C0F /* MeuAnuncioController.swift */,
				4123AA59255D737B00F5AA2E /* CadastroController.swift */,
				FEF7BC762574FF040084F621 /* LoginController.swift */,
			);
			path = Controller;
			sourceTree = "<group>";
		};
		FEF7BC6D2574FBB30084F621 /* Network */ = {
			isa = PBXGroup;
			children = (
				AD7F6B6725829C1500424C38 /* PokemonWork.swift */,
				FEF7BC782574FFAA0084F621 /* LoginWork.swift */,
				FE712A862581911100F75732 /* GenericWork.swift */,
				AD7F6B6B25829F8000424C38 /* ErrorHandler.swift */,
				84835ADF25819EF9006AF845 /* CriarUsuarioWork.swift */,
				AD7F6B98258407E600424C38 /* OfertasWorker.swift */,
			);
			path = Network;
			sourceTree = "<group>";
		};
/* End PBXGroup section */

/* Begin PBXNativeTarget section */
		AD53A0A3254F163F00C81C07 /* Poketrader */ = {
			isa = PBXNativeTarget;
			buildConfigurationList = AD53A0B8254F164000C81C07 /* Build configuration list for PBXNativeTarget "Poketrader" */;
			buildPhases = (
				8C3042543AF7A83808AC249A /* [CP] Check Pods Manifest.lock */,
				AD53A0A0254F163F00C81C07 /* Sources */,
				AD53A0A1254F163F00C81C07 /* Frameworks */,
				AD53A0A2254F163F00C81C07 /* Resources */,
				704DB547ED9CB163B1FCB3AD /* [CP] Embed Pods Frameworks */,
			);
			buildRules = (
			);
			dependencies = (
			);
			name = Poketrader;
			productName = Poketrader;
			productReference = AD53A0A4254F163F00C81C07 /* Poketrader.app */;
			productType = "com.apple.product-type.application";
		};
/* End PBXNativeTarget section */

/* Begin PBXProject section */
		AD53A09C254F163F00C81C07 /* Project object */ = {
			isa = PBXProject;
			attributes = {
				LastSwiftUpdateCheck = 1210;
				LastUpgradeCheck = 1210;
				TargetAttributes = {
					AD53A0A3254F163F00C81C07 = {
						CreatedOnToolsVersion = 12.1;
					};
				};
			};
			buildConfigurationList = AD53A09F254F163F00C81C07 /* Build configuration list for PBXProject "Poketrader" */;
			compatibilityVersion = "Xcode 9.3";
			developmentRegion = en;
			hasScannedForEncodings = 0;
			knownRegions = (
				en,
				Base,
			);
			mainGroup = AD53A09B254F163F00C81C07;
			productRefGroup = AD53A0A5254F163F00C81C07 /* Products */;
			projectDirPath = "";
			projectRoot = "";
			targets = (
				AD53A0A3254F163F00C81C07 /* Poketrader */,
			);
		};
/* End PBXProject section */

/* Begin PBXResourcesBuildPhase section */
		AD53A0A2254F163F00C81C07 /* Resources */ = {
			isa = PBXResourcesBuildPhase;
			buildActionMask = 2147483647;
			files = (
				41AD8EB8255AD5EA00DCAD30 /* TelaInicial.storyboard in Resources */,
				FEC4963F25840701004DF8E6 /* load.json in Resources */,
				FEC4963D258405B2004DF8E6 /* LoadView.xib in Resources */,
				632C157E255DFE360068BD3E /* 3.png in Resources */,
				ADD2845B255F32D200F0DC1A /* Feed.storyboard in Resources */,
				632C1580255DFEEB0068BD3E /* ofertas.json in Resources */,
				ADD28456255F323700F0DC1A /* EdicaoPokemon.storyboard in Resources */,
				636548072580FC3E005F8499 /* pokedata.json in Resources */,
				AD7F6B3C257ED02900424C38 /* Anuncio.storyboard in Resources */,
				5E020EF5255F10CD008C1705 /* Login.storyboard in Resources */,
				632C157C255DFE360068BD3E /* 148.png in Resources */,
				636548082580FC3E005F8499 /* respostaAPI.json in Resources */,
				63B67DE5255CD6E100287636 /* OfertaCell.xib in Resources */,
				AD897AD3255E465B00AA8C0F /* MeuAnuncio.storyboard in Resources */,
				842A05A22575CC1A00890EFF /* PokemonSolid.ttf in Resources */,
				AD53A0B4254F164000C81C07 /* LaunchScreen.storyboard in Resources */,
				63C9D610255BFEFF0003C35C /* OfertasUsuario.storyboard in Resources */,
				CE2C8EA3255E1B41005DE718 /* AddPokemonStoryboard.storyboard in Resources */,
				FEF7BC752574FE020084F621 /* user.json in Resources */,
				AD53A0B1254F164000C81C07 /* Assets.xcassets in Resources */,
				41AD8EBB255AD5FC00DCAD30 /* Cadastro.storyboard in Resources */,
				AD53A0AF254F163F00C81C07 /* Main.storyboard in Resources */,
				632C157D255DFE360068BD3E /* 7.png in Resources */,
				ADD28452255F320500F0DC1A /* Perfil.storyboard in Resources */,
			);
			runOnlyForDeploymentPostprocessing = 0;
		};
/* End PBXResourcesBuildPhase section */

/* Begin PBXShellScriptBuildPhase section */
		704DB547ED9CB163B1FCB3AD /* [CP] Embed Pods Frameworks */ = {
			isa = PBXShellScriptBuildPhase;
			buildActionMask = 2147483647;
			files = (
			);
			inputFileListPaths = (
				"${PODS_ROOT}/Target Support Files/Pods-Poketrader/Pods-Poketrader-frameworks-${CONFIGURATION}-input-files.xcfilelist",
			);
			name = "[CP] Embed Pods Frameworks";
			outputFileListPaths = (
				"${PODS_ROOT}/Target Support Files/Pods-Poketrader/Pods-Poketrader-frameworks-${CONFIGURATION}-output-files.xcfilelist",
			);
			runOnlyForDeploymentPostprocessing = 0;
			shellPath = /bin/sh;
			shellScript = "\"${PODS_ROOT}/Target Support Files/Pods-Poketrader/Pods-Poketrader-frameworks.sh\"\n";
			showEnvVarsInLog = 0;
		};
		8C3042543AF7A83808AC249A /* [CP] Check Pods Manifest.lock */ = {
			isa = PBXShellScriptBuildPhase;
			buildActionMask = 2147483647;
			files = (
			);
			inputFileListPaths = (
			);
			inputPaths = (
				"${PODS_PODFILE_DIR_PATH}/Podfile.lock",
				"${PODS_ROOT}/Manifest.lock",
			);
			name = "[CP] Check Pods Manifest.lock";
			outputFileListPaths = (
			);
			outputPaths = (
				"$(DERIVED_FILE_DIR)/Pods-Poketrader-checkManifestLockResult.txt",
			);
			runOnlyForDeploymentPostprocessing = 0;
			shellPath = /bin/sh;
			shellScript = "diff \"${PODS_PODFILE_DIR_PATH}/Podfile.lock\" \"${PODS_ROOT}/Manifest.lock\" > /dev/null\nif [ $? != 0 ] ; then\n    # print error to STDERR\n    echo \"error: The sandbox is not in sync with the Podfile.lock. Run 'pod install' or update your CocoaPods installation.\" >&2\n    exit 1\nfi\n# This output is used by Xcode 'outputs' to avoid re-running this script phase.\necho \"SUCCESS\" > \"${SCRIPT_OUTPUT_FILE_0}\"\n";
			showEnvVarsInLog = 0;
		};
/* End PBXShellScriptBuildPhase section */

/* Begin PBXSourcesBuildPhase section */
		AD53A0A0254F163F00C81C07 /* Sources */ = {
			isa = PBXSourcesBuildPhase;
			buildActionMask = 2147483647;
			files = (
				AD7F6B3B257ED02900424C38 /* FeedViewController.swift in Sources */,
				5E020EF8255F1140008C1705 /* LoginViewController.swift in Sources */,
				63B67DE4255CD6E100287636 /* OfertaCell.swift in Sources */,
				AD7F6B4F257ED06600424C38 /* MeuAnuncioViewController.swift in Sources */,
				FE712A872581911100F75732 /* GenericWork.swift in Sources */,
				FEC49639258403E9004DF8E6 /* BaseViewController.swift in Sources */,
				AD7F6B6C25829F8000424C38 /* ErrorHandler.swift in Sources */,
				AD7F6B33257ED00000424C38 /* PerfilViewController.swift in Sources */,
				AD7F6B952583EDDD00424C38 /* FeedController.swift in Sources */,
				ADD28457255F323700F0DC1A /* EdicaoPokemonViewController.swift in Sources */,
				AD9A547B257C26E100BA0003 /* Pokemon.swift in Sources */,
				63EA394F255CCE73004AB57F /* Ofertas.swift in Sources */,
				AD7F6B3D257ED02900424C38 /* AnuncioController.swift in Sources */,
				5E8AF1EC2582747000ECC274 /* EsqueciASenhaViewController.swift in Sources */,
				FEF7BC712574FCEB0084F621 /* User.swift in Sources */,
				AD7F6B6825829C1500424C38 /* PokemonWork.swift in Sources */,
				84835AE025819EF9006AF845 /* CriarUsuarioWork.swift in Sources */,
				AD53A0A8254F163F00C81C07 /* AppDelegate.swift in Sources */,
				41D0C0692583CB3C005B3A7B /* EscolherImagem.swift in Sources */,
				AD9A547E257C273500BA0003 /* PokeData.swift in Sources */,
				AD7F6B50257ED06600424C38 /* OfertasUsuarioViewController.swift in Sources */,
				AD897AD1255E465B00AA8C0F /* MeuAnuncioController.swift in Sources */,
				FEC4964125840847004DF8E6 /* LoadView.swift in Sources */,
				FEF7BC772574FF040084F621 /* LoginController.swift in Sources */,
				CE2C8EA6255E1B6C005DE718 /* ViewController.swift in Sources */,
				413E8AF525B7A95D00DFADBD /* SelecionarPokemonVC.swift in Sources */,
				FEF7BC792574FFAA0084F621 /* LoginWork.swift in Sources */,
				AD53A0AA254F163F00C81C07 /* SceneDelegate.swift in Sources */,
				AD7F6B99258407E600424C38 /* OfertasWorker.swift in Sources */,
				AD7F6B42257ED03E00424C38 /* AddPokemonViewController.swift in Sources */,
				41AD8EBE255AD6A900DCAD30 /* TelaInicialViewController.swift in Sources */,
				413EC59E2550FF7C00C534D7 /* CadastroViewController.swift in Sources */,
				4123AA5A255D737B00F5AA2E /* CadastroController.swift in Sources */,
				AD7F6B3E257ED02900424C38 /* AnuncioViewController.swift in Sources */,
			);
			runOnlyForDeploymentPostprocessing = 0;
		};
/* End PBXSourcesBuildPhase section */

/* Begin PBXVariantGroup section */
		AD53A0AD254F163F00C81C07 /* Main.storyboard */ = {
			isa = PBXVariantGroup;
			children = (
				AD53A0AE254F163F00C81C07 /* Base */,
			);
			name = Main.storyboard;
			sourceTree = "<group>";
		};
		AD53A0B2254F164000C81C07 /* LaunchScreen.storyboard */ = {
			isa = PBXVariantGroup;
			children = (
				AD53A0B3254F164000C81C07 /* Base */,
			);
			name = LaunchScreen.storyboard;
			sourceTree = "<group>";
		};
/* End PBXVariantGroup section */

/* Begin XCBuildConfiguration section */
		AD53A0B6254F164000C81C07 /* Debug */ = {
			isa = XCBuildConfiguration;
			buildSettings = {
				ALWAYS_SEARCH_USER_PATHS = NO;
				CLANG_ANALYZER_NONNULL = YES;
				CLANG_ANALYZER_NUMBER_OBJECT_CONVERSION = YES_AGGRESSIVE;
				CLANG_CXX_LANGUAGE_STANDARD = "gnu++14";
				CLANG_CXX_LIBRARY = "libc++";
				CLANG_ENABLE_MODULES = YES;
				CLANG_ENABLE_OBJC_ARC = YES;
				CLANG_ENABLE_OBJC_WEAK = YES;
				CLANG_WARN_BLOCK_CAPTURE_AUTORELEASING = YES;
				CLANG_WARN_BOOL_CONVERSION = YES;
				CLANG_WARN_COMMA = YES;
				CLANG_WARN_CONSTANT_CONVERSION = YES;
				CLANG_WARN_DEPRECATED_OBJC_IMPLEMENTATIONS = YES;
				CLANG_WARN_DIRECT_OBJC_ISA_USAGE = YES_ERROR;
				CLANG_WARN_DOCUMENTATION_COMMENTS = YES;
				CLANG_WARN_EMPTY_BODY = YES;
				CLANG_WARN_ENUM_CONVERSION = YES;
				CLANG_WARN_INFINITE_RECURSION = YES;
				CLANG_WARN_INT_CONVERSION = YES;
				CLANG_WARN_NON_LITERAL_NULL_CONVERSION = YES;
				CLANG_WARN_OBJC_IMPLICIT_RETAIN_SELF = YES;
				CLANG_WARN_OBJC_LITERAL_CONVERSION = YES;
				CLANG_WARN_OBJC_ROOT_CLASS = YES_ERROR;
				CLANG_WARN_QUOTED_INCLUDE_IN_FRAMEWORK_HEADER = YES;
				CLANG_WARN_RANGE_LOOP_ANALYSIS = YES;
				CLANG_WARN_STRICT_PROTOTYPES = YES;
				CLANG_WARN_SUSPICIOUS_MOVE = YES;
				CLANG_WARN_UNGUARDED_AVAILABILITY = YES_AGGRESSIVE;
				CLANG_WARN_UNREACHABLE_CODE = YES;
				CLANG_WARN__DUPLICATE_METHOD_MATCH = YES;
				COPY_PHASE_STRIP = NO;
				DEBUG_INFORMATION_FORMAT = dwarf;
				ENABLE_STRICT_OBJC_MSGSEND = YES;
				ENABLE_TESTABILITY = YES;
				GCC_C_LANGUAGE_STANDARD = gnu11;
				GCC_DYNAMIC_NO_PIC = NO;
				GCC_NO_COMMON_BLOCKS = YES;
				GCC_OPTIMIZATION_LEVEL = 0;
				GCC_PREPROCESSOR_DEFINITIONS = (
					"DEBUG=1",
					"$(inherited)",
				);
				GCC_WARN_64_TO_32_BIT_CONVERSION = YES;
				GCC_WARN_ABOUT_RETURN_TYPE = YES_ERROR;
				GCC_WARN_UNDECLARED_SELECTOR = YES;
				GCC_WARN_UNINITIALIZED_AUTOS = YES_AGGRESSIVE;
				GCC_WARN_UNUSED_FUNCTION = YES;
				GCC_WARN_UNUSED_VARIABLE = YES;
				IPHONEOS_DEPLOYMENT_TARGET = 14.1;
				MTL_ENABLE_DEBUG_INFO = INCLUDE_SOURCE;
				MTL_FAST_MATH = YES;
				ONLY_ACTIVE_ARCH = YES;
				SDKROOT = iphoneos;
				SWIFT_ACTIVE_COMPILATION_CONDITIONS = DEBUG;
				SWIFT_OPTIMIZATION_LEVEL = "-Onone";
			};
			name = Debug;
		};
		AD53A0B7254F164000C81C07 /* Release */ = {
			isa = XCBuildConfiguration;
			buildSettings = {
				ALWAYS_SEARCH_USER_PATHS = NO;
				CLANG_ANALYZER_NONNULL = YES;
				CLANG_ANALYZER_NUMBER_OBJECT_CONVERSION = YES_AGGRESSIVE;
				CLANG_CXX_LANGUAGE_STANDARD = "gnu++14";
				CLANG_CXX_LIBRARY = "libc++";
				CLANG_ENABLE_MODULES = YES;
				CLANG_ENABLE_OBJC_ARC = YES;
				CLANG_ENABLE_OBJC_WEAK = YES;
				CLANG_WARN_BLOCK_CAPTURE_AUTORELEASING = YES;
				CLANG_WARN_BOOL_CONVERSION = YES;
				CLANG_WARN_COMMA = YES;
				CLANG_WARN_CONSTANT_CONVERSION = YES;
				CLANG_WARN_DEPRECATED_OBJC_IMPLEMENTATIONS = YES;
				CLANG_WARN_DIRECT_OBJC_ISA_USAGE = YES_ERROR;
				CLANG_WARN_DOCUMENTATION_COMMENTS = YES;
				CLANG_WARN_EMPTY_BODY = YES;
				CLANG_WARN_ENUM_CONVERSION = YES;
				CLANG_WARN_INFINITE_RECURSION = YES;
				CLANG_WARN_INT_CONVERSION = YES;
				CLANG_WARN_NON_LITERAL_NULL_CONVERSION = YES;
				CLANG_WARN_OBJC_IMPLICIT_RETAIN_SELF = YES;
				CLANG_WARN_OBJC_LITERAL_CONVERSION = YES;
				CLANG_WARN_OBJC_ROOT_CLASS = YES_ERROR;
				CLANG_WARN_QUOTED_INCLUDE_IN_FRAMEWORK_HEADER = YES;
				CLANG_WARN_RANGE_LOOP_ANALYSIS = YES;
				CLANG_WARN_STRICT_PROTOTYPES = YES;
				CLANG_WARN_SUSPICIOUS_MOVE = YES;
				CLANG_WARN_UNGUARDED_AVAILABILITY = YES_AGGRESSIVE;
				CLANG_WARN_UNREACHABLE_CODE = YES;
				CLANG_WARN__DUPLICATE_METHOD_MATCH = YES;
				COPY_PHASE_STRIP = NO;
				DEBUG_INFORMATION_FORMAT = "dwarf-with-dsym";
				ENABLE_NS_ASSERTIONS = NO;
				ENABLE_STRICT_OBJC_MSGSEND = YES;
				GCC_C_LANGUAGE_STANDARD = gnu11;
				GCC_NO_COMMON_BLOCKS = YES;
				GCC_WARN_64_TO_32_BIT_CONVERSION = YES;
				GCC_WARN_ABOUT_RETURN_TYPE = YES_ERROR;
				GCC_WARN_UNDECLARED_SELECTOR = YES;
				GCC_WARN_UNINITIALIZED_AUTOS = YES_AGGRESSIVE;
				GCC_WARN_UNUSED_FUNCTION = YES;
				GCC_WARN_UNUSED_VARIABLE = YES;
				IPHONEOS_DEPLOYMENT_TARGET = 14.1;
				MTL_ENABLE_DEBUG_INFO = NO;
				MTL_FAST_MATH = YES;
				SDKROOT = iphoneos;
				SWIFT_COMPILATION_MODE = wholemodule;
				SWIFT_OPTIMIZATION_LEVEL = "-O";
				VALIDATE_PRODUCT = YES;
			};
			name = Release;
		};
		AD53A0B9254F164000C81C07 /* Debug */ = {
			isa = XCBuildConfiguration;
			baseConfigurationReference = D5B9724273BD59A387564D1E /* Pods-Poketrader.debug.xcconfig */;
			buildSettings = {
				ASSETCATALOG_COMPILER_APPICON_NAME = AppIcon;
				ASSETCATALOG_COMPILER_GLOBAL_ACCENT_COLOR_NAME = AccentColor;
				CODE_SIGN_STYLE = Automatic;
				DEVELOPMENT_TEAM = "";
				INFOPLIST_FILE = Poketrader/Info.plist;
				IPHONEOS_DEPLOYMENT_TARGET = 13.0;
				LD_RUNPATH_SEARCH_PATHS = (
					"$(inherited)",
					"@executable_path/Frameworks",
				);
				PRODUCT_BUNDLE_IDENTIFIER = com.poketrader.Poketrader;
				PRODUCT_NAME = "$(TARGET_NAME)";
				SWIFT_VERSION = 5.0;
				TARGETED_DEVICE_FAMILY = 1;
			};
			name = Debug;
		};
		AD53A0BA254F164000C81C07 /* Release */ = {
			isa = XCBuildConfiguration;
			baseConfigurationReference = 0167FEBDBA2477DD4C75A753 /* Pods-Poketrader.release.xcconfig */;
			buildSettings = {
				ASSETCATALOG_COMPILER_APPICON_NAME = AppIcon;
				ASSETCATALOG_COMPILER_GLOBAL_ACCENT_COLOR_NAME = AccentColor;
				CODE_SIGN_STYLE = Automatic;
				DEVELOPMENT_TEAM = "";
				INFOPLIST_FILE = Poketrader/Info.plist;
				IPHONEOS_DEPLOYMENT_TARGET = 13.0;
				LD_RUNPATH_SEARCH_PATHS = (
					"$(inherited)",
					"@executable_path/Frameworks",
				);
				PRODUCT_BUNDLE_IDENTIFIER = com.poketrader.Poketrader;
				PRODUCT_NAME = "$(TARGET_NAME)";
				SWIFT_VERSION = 5.0;
				TARGETED_DEVICE_FAMILY = 1;
			};
			name = Release;
		};
/* End XCBuildConfiguration section */

/* Begin XCConfigurationList section */
		AD53A09F254F163F00C81C07 /* Build configuration list for PBXProject "Poketrader" */ = {
			isa = XCConfigurationList;
			buildConfigurations = (
				AD53A0B6254F164000C81C07 /* Debug */,
				AD53A0B7254F164000C81C07 /* Release */,
			);
			defaultConfigurationIsVisible = 0;
			defaultConfigurationName = Release;
		};
		AD53A0B8254F164000C81C07 /* Build configuration list for PBXNativeTarget "Poketrader" */ = {
			isa = XCConfigurationList;
			buildConfigurations = (
				AD53A0B9254F164000C81C07 /* Debug */,
				AD53A0BA254F164000C81C07 /* Release */,
			);
			defaultConfigurationIsVisible = 0;
			defaultConfigurationName = Release;
		};
/* End XCConfigurationList section */
	};
	rootObject = AD53A09C254F163F00C81C07 /* Project object */;
}
