// !$*UTF8*$!
{
	archiveVersion = 1;
	classes = {
	};
	objectVersion = 50;
	objects = {

/* Begin PBXBuildFile section */
		AD23A605255AFA8400758BB8 /* Anuncio.storyboard in Resources */ = {isa = PBXBuildFile; fileRef = AD23A604255AFA8400758BB8 /* Anuncio.storyboard */; };
		AD23A608255AFAA400758BB8 /* AnuncioViewController.swift in Sources */ = {isa = PBXBuildFile; fileRef = AD23A607255AFAA400758BB8 /* AnuncioViewController.swift */; };
		AD53A0A8254F163F00C81C07 /* AppDelegate.swift in Sources */ = {isa = PBXBuildFile; fileRef = AD53A0A7254F163F00C81C07 /* AppDelegate.swift */; };
		AD53A0AA254F163F00C81C07 /* SceneDelegate.swift in Sources */ = {isa = PBXBuildFile; fileRef = AD53A0A9254F163F00C81C07 /* SceneDelegate.swift */; };
		AD53A0AC254F163F00C81C07 /* ViewController.swift in Sources */ = {isa = PBXBuildFile; fileRef = AD53A0AB254F163F00C81C07 /* ViewController.swift */; };
		AD53A0AF254F163F00C81C07 /* Main.storyboard in Resources */ = {isa = PBXBuildFile; fileRef = AD53A0AD254F163F00C81C07 /* Main.storyboard */; };
		AD53A0B1254F164000C81C07 /* Assets.xcassets in Resources */ = {isa = PBXBuildFile; fileRef = AD53A0B0254F164000C81C07 /* Assets.xcassets */; };
		AD53A0B4254F164000C81C07 /* LaunchScreen.storyboard in Resources */ = {isa = PBXBuildFile; fileRef = AD53A0B2254F164000C81C07 /* LaunchScreen.storyboard */; };
		AD95AEBD255B52B90088F0A4 /* AnuncioController.swift in Sources */ = {isa = PBXBuildFile; fileRef = AD95AEBC255B52B90088F0A4 /* AnuncioController.swift */; };
		AD95AEC4255C9A150088F0A4 /* MeuAnuncio.storyboard in Resources */ = {isa = PBXBuildFile; fileRef = AD95AEC3255C9A150088F0A4 /* MeuAnuncio.storyboard */; };
/* End PBXBuildFile section */

/* Begin PBXFileReference section */
		AD23A604255AFA8400758BB8 /* Anuncio.storyboard */ = {isa = PBXFileReference; lastKnownFileType = file.storyboard; path = Anuncio.storyboard; sourceTree = "<group>"; };
		AD23A607255AFAA400758BB8 /* AnuncioViewController.swift */ = {isa = PBXFileReference; lastKnownFileType = sourcecode.swift; path = AnuncioViewController.swift; sourceTree = "<group>"; };
		AD53A0A4254F163F00C81C07 /* Poketrader.app */ = {isa = PBXFileReference; explicitFileType = wrapper.application; includeInIndex = 0; path = Poketrader.app; sourceTree = BUILT_PRODUCTS_DIR; };
		AD53A0A7254F163F00C81C07 /* AppDelegate.swift */ = {isa = PBXFileReference; lastKnownFileType = sourcecode.swift; path = AppDelegate.swift; sourceTree = "<group>"; };
		AD53A0A9254F163F00C81C07 /* SceneDelegate.swift */ = {isa = PBXFileReference; lastKnownFileType = sourcecode.swift; path = SceneDelegate.swift; sourceTree = "<group>"; };
		AD53A0AB254F163F00C81C07 /* ViewController.swift */ = {isa = PBXFileReference; lastKnownFileType = sourcecode.swift; path = ViewController.swift; sourceTree = "<group>"; };
		AD53A0AE254F163F00C81C07 /* Base */ = {isa = PBXFileReference; lastKnownFileType = file.storyboard; name = Base; path = Base.lproj/Main.storyboard; sourceTree = "<group>"; };
		AD53A0B0254F164000C81C07 /* Assets.xcassets */ = {isa = PBXFileReference; lastKnownFileType = folder.assetcatalog; path = Assets.xcassets; sourceTree = "<group>"; };
		AD53A0B3254F164000C81C07 /* Base */ = {isa = PBXFileReference; lastKnownFileType = file.storyboard; name = Base; path = Base.lproj/LaunchScreen.storyboard; sourceTree = "<group>"; };
		AD53A0B5254F164000C81C07 /* Info.plist */ = {isa = PBXFileReference; lastKnownFileType = text.plist.xml; path = Info.plist; sourceTree = "<group>"; };
		AD95AEBC255B52B90088F0A4 /* AnuncioController.swift */ = {isa = PBXFileReference; lastKnownFileType = sourcecode.swift; path = AnuncioController.swift; sourceTree = "<group>"; };
		AD95AEC3255C9A150088F0A4 /* MeuAnuncio.storyboard */ = {isa = PBXFileReference; lastKnownFileType = file.storyboard; path = MeuAnuncio.storyboard; sourceTree = "<group>"; };
/* End PBXFileReference section */

/* Begin PBXFrameworksBuildPhase section */
		AD53A0A1254F163F00C81C07 /* Frameworks */ = {
			isa = PBXFrameworksBuildPhase;
			buildActionMask = 2147483647;
			files = (
			);
			runOnlyForDeploymentPostprocessing = 0;
		};
/* End PBXFrameworksBuildPhase section */

/* Begin PBXGroup section */
		AD23A602255AFA5B00758BB8 /* DetalheAnuncios */ = {
			isa = PBXGroup;
			children = (
				AD23A604255AFA8400758BB8 /* Anuncio.storyboard */,
				AD23A607255AFAA400758BB8 /* AnuncioViewController.swift */,
				AD95AEBC255B52B90088F0A4 /* AnuncioController.swift */,
			);
			path = DetalheAnuncios;
			sourceTree = "<group>";
		};
		AD53A09B254F163F00C81C07 = {
			isa = PBXGroup;
			children = (
				AD53A0A6254F163F00C81C07 /* Poketrader */,
				AD53A0A5254F163F00C81C07 /* Products */,
			);
			sourceTree = "<group>";
		};
		AD53A0A5254F163F00C81C07 /* Products */ = {
			isa = PBXGroup;
			children = (
				AD53A0A4254F163F00C81C07 /* Poketrader.app */,
			);
			name = Products;
			sourceTree = "<group>";
		};
		AD53A0A6254F163F00C81C07 /* Poketrader */ = {
			isa = PBXGroup;
			children = (
				AD95AEC2255C99F10088F0A4 /* DetalheMeuAnuncio */,
				AD23A602255AFA5B00758BB8 /* DetalheAnuncios */,
				AD53A0A7254F163F00C81C07 /* AppDelegate.swift */,
				AD53A0A9254F163F00C81C07 /* SceneDelegate.swift */,
				AD53A0AB254F163F00C81C07 /* ViewController.swift */,
				AD53A0AD254F163F00C81C07 /* Main.storyboard */,
				AD53A0B0254F164000C81C07 /* Assets.xcassets */,
				AD53A0B2254F164000C81C07 /* LaunchScreen.storyboard */,
				AD53A0B5254F164000C81C07 /* Info.plist */,
			);
			path = Poketrader;
			sourceTree = "<group>";
		};
		AD95AEC2255C99F10088F0A4 /* DetalheMeuAnuncio */ = {
			isa = PBXGroup;
			children = (
				AD95AEC3255C9A150088F0A4 /* MeuAnuncio.storyboard */,
			);
			path = DetalheMeuAnuncio;
			sourceTree = "<group>";
		};
/* End PBXGroup section */

/* Begin PBXNativeTarget section */
		AD53A0A3254F163F00C81C07 /* Poketrader */ = {
			isa = PBXNativeTarget;
			buildConfigurationList = AD53A0B8254F164000C81C07 /* Build configuration list for PBXNativeTarget "Poketrader" */;
			buildPhases = (
				AD53A0A0254F163F00C81C07 /* Sources */,
				AD53A0A1254F163F00C81C07 /* Frameworks */,
				AD53A0A2254F163F00C81C07 /* Resources */,
			);
			buildRules = (
			);
			dependencies = (
			);
			name = Poketrader;
			productName = Poketrader;
			productReference = AD53A0A4254F163F00C81C07 /* Poketrader.app */;
			productType = "com.apple.product-type.application";
		};
/* End PBXNativeTarget section */

/* Begin PBXProject section */
		AD53A09C254F163F00C81C07 /* Project object */ = {
			isa = PBXProject;
			attributes = {
				LastSwiftUpdateCheck = 1210;
				LastUpgradeCheck = 1210;
				TargetAttributes = {
					AD53A0A3254F163F00C81C07 = {
						CreatedOnToolsVersion = 12.1;
					};
				};
			};
			buildConfigurationList = AD53A09F254F163F00C81C07 /* Build configuration list for PBXProject "Poketrader" */;
			compatibilityVersion = "Xcode 9.3";
			developmentRegion = en;
			hasScannedForEncodings = 0;
			knownRegions = (
				en,
				Base,
			);
			mainGroup = AD53A09B254F163F00C81C07;
			productRefGroup = AD53A0A5254F163F00C81C07 /* Products */;
			projectDirPath = "";
			projectRoot = "";
			targets = (
				AD53A0A3254F163F00C81C07 /* Poketrader */,
			);
		};
/* End PBXProject section */

/* Begin PBXResourcesBuildPhase section */
		AD53A0A2254F163F00C81C07 /* Resources */ = {
			isa = PBXResourcesBuildPhase;
			buildActionMask = 2147483647;
			files = (
				AD53A0B4254F164000C81C07 /* LaunchScreen.storyboard in Resources */,
				AD95AEC4255C9A150088F0A4 /* MeuAnuncio.storyboard in Resources */,
				AD53A0B1254F164000C81C07 /* Assets.xcassets in Resources */,
				AD23A605255AFA8400758BB8 /* Anuncio.storyboard in Resources */,
				AD53A0AF254F163F00C81C07 /* Main.storyboard in Resources */,
			);
			runOnlyForDeploymentPostprocessing = 0;
		};
/* End PBXResourcesBuildPhase section */

/* Begin PBXSourcesBuildPhase section */
		AD53A0A0254F163F00C81C07 /* Sources */ = {
			isa = PBXSourcesBuildPhase;
			buildActionMask = 2147483647;
			files = (
				AD53A0AC254F163F00C81C07 /* ViewController.swift in Sources */,
				AD95AEBD255B52B90088F0A4 /* AnuncioController.swift in Sources */,
				AD53A0A8254F163F00C81C07 /* AppDelegate.swift in Sources */,
				AD23A608255AFAA400758BB8 /* AnuncioViewController.swift in Sources */,
				AD53A0AA254F163F00C81C07 /* SceneDelegate.swift in Sources */,
			);
			runOnlyForDeploymentPostprocessing = 0;
		};
/* End PBXSourcesBuildPhase section */

/* Begin PBXVariantGroup section */
		AD53A0AD254F163F00C81C07 /* Main.storyboard */ = {
			isa = PBXVariantGroup;
			children = (
				AD53A0AE254F163F00C81C07 /* Base */,
			);
			name = Main.storyboard;
			sourceTree = "<group>";
		};
		AD53A0B2254F164000C81C07 /* LaunchScreen.storyboard */ = {
			isa = PBXVariantGroup;
			children = (
				AD53A0B3254F164000C81C07 /* Base */,
			);
			name = LaunchScreen.storyboard;
			sourceTree = "<group>";
		};
/* End PBXVariantGroup section */

/* Begin XCBuildConfiguration section */
		AD53A0B6254F164000C81C07 /* Debug */ = {
			isa = XCBuildConfiguration;
			buildSettings = {
				ALWAYS_SEARCH_USER_PATHS = NO;
				CLANG_ANALYZER_NONNULL = YES;
				CLANG_ANALYZER_NUMBER_OBJECT_CONVERSION = YES_AGGRESSIVE;
				CLANG_CXX_LANGUAGE_STANDARD = "gnu++14";
				CLANG_CXX_LIBRARY = "libc++";
				CLANG_ENABLE_MODULES = YES;
				CLANG_ENABLE_OBJC_ARC = YES;
				CLANG_ENABLE_OBJC_WEAK = YES;
				CLANG_WARN_BLOCK_CAPTURE_AUTORELEASING = YES;
				CLANG_WARN_BOOL_CONVERSION = YES;
				CLANG_WARN_COMMA = YES;
				CLANG_WARN_CONSTANT_CONVERSION = YES;
				CLANG_WARN_DEPRECATED_OBJC_IMPLEMENTATIONS = YES;
				CLANG_WARN_DIRECT_OBJC_ISA_USAGE = YES_ERROR;
				CLANG_WARN_DOCUMENTATION_COMMENTS = YES;
				CLANG_WARN_EMPTY_BODY = YES;
				CLANG_WARN_ENUM_CONVERSION = YES;
				CLANG_WARN_INFINITE_RECURSION = YES;
				CLANG_WARN_INT_CONVERSION = YES;
				CLANG_WARN_NON_LITERAL_NULL_CONVERSION = YES;
				CLANG_WARN_OBJC_IMPLICIT_RETAIN_SELF = YES;
				CLANG_WARN_OBJC_LITERAL_CONVERSION = YES;
				CLANG_WARN_OBJC_ROOT_CLASS = YES_ERROR;
				CLANG_WARN_QUOTED_INCLUDE_IN_FRAMEWORK_HEADER = YES;
				CLANG_WARN_RANGE_LOOP_ANALYSIS = YES;
				CLANG_WARN_STRICT_PROTOTYPES = YES;
				CLANG_WARN_SUSPICIOUS_MOVE = YES;
				CLANG_WARN_UNGUARDED_AVAILABILITY = YES_AGGRESSIVE;
				CLANG_WARN_UNREACHABLE_CODE = YES;
				CLANG_WARN__DUPLICATE_METHOD_MATCH = YES;
				COPY_PHASE_STRIP = NO;
				DEBUG_INFORMATION_FORMAT = dwarf;
				ENABLE_STRICT_OBJC_MSGSEND = YES;
				ENABLE_TESTABILITY = YES;
				GCC_C_LANGUAGE_STANDARD = gnu11;
				GCC_DYNAMIC_NO_PIC = NO;
				GCC_NO_COMMON_BLOCKS = YES;
				GCC_OPTIMIZATION_LEVEL = 0;
				GCC_PREPROCESSOR_DEFINITIONS = (
					"DEBUG=1",
					"$(inherited)",
				);
				GCC_WARN_64_TO_32_BIT_CONVERSION = YES;
				GCC_WARN_ABOUT_RETURN_TYPE = YES_ERROR;
				GCC_WARN_UNDECLARED_SELECTOR = YES;
				GCC_WARN_UNINITIALIZED_AUTOS = YES_AGGRESSIVE;
				GCC_WARN_UNUSED_FUNCTION = YES;
				GCC_WARN_UNUSED_VARIABLE = YES;
				IPHONEOS_DEPLOYMENT_TARGET = 14.1;
				MTL_ENABLE_DEBUG_INFO = INCLUDE_SOURCE;
				MTL_FAST_MATH = YES;
				ONLY_ACTIVE_ARCH = YES;
				SDKROOT = iphoneos;
				SWIFT_ACTIVE_COMPILATION_CONDITIONS = DEBUG;
				SWIFT_OPTIMIZATION_LEVEL = "-Onone";
			};
			name = Debug;
		};
		AD53A0B7254F164000C81C07 /* Release */ = {
			isa = XCBuildConfiguration;
			buildSettings = {
				ALWAYS_SEARCH_USER_PATHS = NO;
				CLANG_ANALYZER_NONNULL = YES;
				CLANG_ANALYZER_NUMBER_OBJECT_CONVERSION = YES_AGGRESSIVE;
				CLANG_CXX_LANGUAGE_STANDARD = "gnu++14";
				CLANG_CXX_LIBRARY = "libc++";
				CLANG_ENABLE_MODULES = YES;
				CLANG_ENABLE_OBJC_ARC = YES;
				CLANG_ENABLE_OBJC_WEAK = YES;
				CLANG_WARN_BLOCK_CAPTURE_AUTORELEASING = YES;
				CLANG_WARN_BOOL_CONVERSION = YES;
				CLANG_WARN_COMMA = YES;
				CLANG_WARN_CONSTANT_CONVERSION = YES;
				CLANG_WARN_DEPRECATED_OBJC_IMPLEMENTATIONS = YES;
				CLANG_WARN_DIRECT_OBJC_ISA_USAGE = YES_ERROR;
				CLANG_WARN_DOCUMENTATION_COMMENTS = YES;
				CLANG_WARN_EMPTY_BODY = YES;
				CLANG_WARN_ENUM_CONVERSION = YES;
				CLANG_WARN_INFINITE_RECURSION = YES;
				CLANG_WARN_INT_CONVERSION = YES;
				CLANG_WARN_NON_LITERAL_NULL_CONVERSION = YES;
				CLANG_WARN_OBJC_IMPLICIT_RETAIN_SELF = YES;
				CLANG_WARN_OBJC_LITERAL_CONVERSION = YES;
				CLANG_WARN_OBJC_ROOT_CLASS = YES_ERROR;
				CLANG_WARN_QUOTED_INCLUDE_IN_FRAMEWORK_HEADER = YES;
				CLANG_WARN_RANGE_LOOP_ANALYSIS = YES;
				CLANG_WARN_STRICT_PROTOTYPES = YES;
				CLANG_WARN_SUSPICIOUS_MOVE = YES;
				CLANG_WARN_UNGUARDED_AVAILABILITY = YES_AGGRESSIVE;
				CLANG_WARN_UNREACHABLE_CODE = YES;
				CLANG_WARN__DUPLICATE_METHOD_MATCH = YES;
				COPY_PHASE_STRIP = NO;
				DEBUG_INFORMATION_FORMAT = "dwarf-with-dsym";
				ENABLE_NS_ASSERTIONS = NO;
				ENABLE_STRICT_OBJC_MSGSEND = YES;
				GCC_C_LANGUAGE_STANDARD = gnu11;
				GCC_NO_COMMON_BLOCKS = YES;
				GCC_WARN_64_TO_32_BIT_CONVERSION = YES;
				GCC_WARN_ABOUT_RETURN_TYPE = YES_ERROR;
				GCC_WARN_UNDECLARED_SELECTOR = YES;
				GCC_WARN_UNINITIALIZED_AUTOS = YES_AGGRESSIVE;
				GCC_WARN_UNUSED_FUNCTION = YES;
				GCC_WARN_UNUSED_VARIABLE = YES;
				IPHONEOS_DEPLOYMENT_TARGET = 14.1;
				MTL_ENABLE_DEBUG_INFO = NO;
				MTL_FAST_MATH = YES;
				SDKROOT = iphoneos;
				SWIFT_COMPILATION_MODE = wholemodule;
				SWIFT_OPTIMIZATION_LEVEL = "-O";
				VALIDATE_PRODUCT = YES;
			};
			name = Release;
		};
		AD53A0B9254F164000C81C07 /* Debug */ = {
			isa = XCBuildConfiguration;
			buildSettings = {
				ASSETCATALOG_COMPILER_APPICON_NAME = AppIcon;
				ASSETCATALOG_COMPILER_GLOBAL_ACCENT_COLOR_NAME = AccentColor;
				CODE_SIGN_STYLE = Automatic;
				INFOPLIST_FILE = Poketrader/Info.plist;
				IPHONEOS_DEPLOYMENT_TARGET = 13.0;
				LD_RUNPATH_SEARCH_PATHS = (
					"$(inherited)",
					"@executable_path/Frameworks",
				);
				PRODUCT_BUNDLE_IDENTIFIER = com.poketrader.Poketrader;
				PRODUCT_NAME = "$(TARGET_NAME)";
				SWIFT_VERSION = 5.0;
				TARGETED_DEVICE_FAMILY = "1,2";
			};
			name = Debug;
		};
		AD53A0BA254F164000C81C07 /* Release */ = {
			isa = XCBuildConfiguration;
			buildSettings = {
				ASSETCATALOG_COMPILER_APPICON_NAME = AppIcon;
				ASSETCATALOG_COMPILER_GLOBAL_ACCENT_COLOR_NAME = AccentColor;
				CODE_SIGN_STYLE = Automatic;
				INFOPLIST_FILE = Poketrader/Info.plist;
				IPHONEOS_DEPLOYMENT_TARGET = 13.0;
				LD_RUNPATH_SEARCH_PATHS = (
					"$(inherited)",
					"@executable_path/Frameworks",
				);
				PRODUCT_BUNDLE_IDENTIFIER = com.poketrader.Poketrader;
				PRODUCT_NAME = "$(TARGET_NAME)";
				SWIFT_VERSION = 5.0;
				TARGETED_DEVICE_FAMILY = "1,2";
			};
			name = Release;
		};
/* End XCBuildConfiguration section */

/* Begin XCConfigurationList section */
		AD53A09F254F163F00C81C07 /* Build configuration list for PBXProject "Poketrader" */ = {
			isa = XCConfigurationList;
			buildConfigurations = (
				AD53A0B6254F164000C81C07 /* Debug */,
				AD53A0B7254F164000C81C07 /* Release */,
			);
			defaultConfigurationIsVisible = 0;
			defaultConfigurationName = Release;
		};
		AD53A0B8254F164000C81C07 /* Build configuration list for PBXNativeTarget "Poketrader" */ = {
			isa = XCConfigurationList;
			buildConfigurations = (
				AD53A0B9254F164000C81C07 /* Debug */,
				AD53A0BA254F164000C81C07 /* Release */,
			);
			defaultConfigurationIsVisible = 0;
			defaultConfigurationName = Release;
		};
/* End XCConfigurationList section */
	};
	rootObject = AD53A09C254F163F00C81C07 /* Project object */;
}
